
Microsoft Visual Studio Solution File, Format Version 12.00
# Visual Studio Version 16
VisualStudioVersion = 16.0.29102.190
MinimumVisualStudioVersion = 10.0.40219.1
Project("{FAE04EC0-301F-11D3-BF4B-00C04F79EFBC}") = "Rodjenihm.Slagalica", "Rodjenihm.Slagalica\Rodjenihm.Slagalica.csproj", "{8F9C3F69-D36F-41F3-9983-5BF56BB2E5CD}"
EndProject
Global
	GlobalSection(SolutionConfigurationPlatforms) = preSolution
		Debug|Any CPU = Debug|Any CPU
		Release|Any CPU = Release|Any CPU
	EndGlobalSection
	GlobalSection(ProjectConfigurationPlatforms) = postSolution
		{8F9C3F69-D36F-41F3-9983-5BF56BB2E5CD}.Debug|Any CPU.ActiveCfg = Debug|Any CPU
		{8F9C3F69-D36F-41F3-9983-5BF56BB2E5CD}.Debug|Any CPU.Build.0 = Debug|Any CPU
		{8F9C3F69-D36F-41F3-9983-5BF56BB2E5CD}.Release|Any CPU.ActiveCfg = Release|Any CPU
		{8F9C3F69-D36F-41F3-9983-5BF56BB2E5CD}.Release|Any CPU.Build.0 = Release|Any CPU
	EndGlobalSection
	GlobalSection(SolutionProperties) = preSolution
		HideSolutionNode = FALSE
	EndGlobalSection
	GlobalSection(ExtensibilityGlobals) = postSolution
		SolutionGuid = {B9043C86-F32B-42D5-AE02-14F821E66AB2}
	EndGlobalSection
EndGlobal
